
Microsoft Visual Studio Solution File, Format Version 12.00
# Visual Studio 15
VisualStudioVersion = 15.0.28307.1062
MinimumVisualStudioVersion = 10.0.40219.1
Project("{FAE04EC0-301F-11D3-BF4B-00C04F79EFBC}") = "JenkinsHelloWorld", "JenkinsHelloWorld\JenkinsHelloWorld.csproj", "{EC22F9C3-0459-4C86-B1C6-427795502677}"
EndProject
Global
	GlobalSection(SolutionConfigurationPlatforms) = preSolution
		Debug|Any CPU = Debug|Any CPU
		Release|Any CPU = Release|Any CPU
	EndGlobalSection
	GlobalSection(ProjectConfigurationPlatforms) = postSolution
		{EC22F9C3-0459-4C86-B1C6-427795502677}.Debug|Any CPU.ActiveCfg = Debug|Any CPU
		{EC22F9C3-0459-4C86-B1C6-427795502677}.Debug|Any CPU.Build.0 = Debug|Any CPU
		{EC22F9C3-0459-4C86-B1C6-427795502677}.Release|Any CPU.ActiveCfg = Release|Any CPU
		{EC22F9C3-0459-4C86-B1C6-427795502677}.Release|Any CPU.Build.0 = Release|Any CPU
	EndGlobalSection
	GlobalSection(SolutionProperties) = preSolution
		HideSolutionNode = FALSE
	EndGlobalSection
	GlobalSection(ExtensibilityGlobals) = postSolution
		SolutionGuid = {DFC4C2ED-81B5-4E82-9ACE-ECC44EDF4097}
	EndGlobalSection
EndGlobal
